
Microsoft Visual Studio Solution File, Format Version 12.00
# Visual Studio Version 17
VisualStudioVersion = 17.12.35527.113 d17.12
MinimumVisualStudioVersion = 10.0.40219.1
Project("{F184B08F-C81C-45F6-A57F-5ABD9991F28F}") = "HelloWorld", "HelloWorld\HelloWorld.vbproj", "{E2BB1B01-EF35-4812-BBEF-E99F3BA550DF}"
EndProject
Global
	GlobalSection(SolutionConfigurationPlatforms) = preSolution
		Debug|Any CPU = Debug|Any CPU
		Release|Any CPU = Release|Any CPU
	EndGlobalSection
	GlobalSection(ProjectConfigurationPlatforms) = postSolution
		{E2BB1B01-EF35-4812-BBEF-E99F3BA550DF}.Debug|Any CPU.ActiveCfg = Debug|Any CPU
		{E2BB1B01-EF35-4812-BBEF-E99F3BA550DF}.Debug|Any CPU.Build.0 = Debug|Any CPU
		{E2BB1B01-EF35-4812-BBEF-E99F3BA550DF}.Release|Any CPU.ActiveCfg = Release|Any CPU
		{E2BB1B01-EF35-4812-BBEF-E99F3BA550DF}.Release|Any CPU.Build.0 = Release|Any CPU
	EndGlobalSection
	GlobalSection(SolutionProperties) = preSolution
		HideSolutionNode = FALSE
	EndGlobalSection
EndGlobal
